
Microsoft Visual Studio Solution File, Format Version 12.00
# Visual Studio Version 17
VisualStudioVersion = 17.7.34202.233
MinimumVisualStudioVersion = 10.0.40219.1
Project("{FAE04EC0-301F-11D3-BF4B-00C04F79EFBC}") = "VotingWebApp", "VotingWebApp.csproj", "{CEEFDF09-7661-4C32-BC48-099AE388500F}"
EndProject
Global
	GlobalSection(SolutionConfigurationPlatforms) = preSolution
		Debug|Any CPU = Debug|Any CPU
		Release|Any CPU = Release|Any CPU
	EndGlobalSection
	GlobalSection(ProjectConfigurationPlatforms) = postSolution
		{CEEFDF09-7661-4C32-BC48-099AE388500F}.Debug|Any CPU.ActiveCfg = Debug|Any CPU
		{CEEFDF09-7661-4C32-BC48-099AE388500F}.Debug|Any CPU.Build.0 = Debug|Any CPU
		{CEEFDF09-7661-4C32-BC48-099AE388500F}.Release|Any CPU.ActiveCfg = Release|Any CPU
		{CEEFDF09-7661-4C32-BC48-099AE388500F}.Release|Any CPU.Build.0 = Release|Any CPU
	EndGlobalSection
	GlobalSection(SolutionProperties) = preSolution
		HideSolutionNode = FALSE
	EndGlobalSection
	GlobalSection(ExtensibilityGlobals) = postSolution
		SolutionGuid = {3DA302DF-AB56-4DA8-A6E1-5F66EC5B53A1}
	EndGlobalSection
EndGlobal
